
Microsoft Visual Studio Solution File, Format Version 12.00
# Visual Studio 15
VisualStudioVersion = 15.0.27428.2005
MinimumVisualStudioVersion = 10.0.40219.1
Project("{FAE04EC0-301F-11D3-BF4B-00C04F79EFBC}") = "DataGridSample.Droid", "DataGridSample\DataGridSample.Droid\DataGridSample.Droid.csproj", "{2CB32ECF-C28D-48FA-9A3A-CB09B513261D}"
EndProject
Project("{FAE04EC0-301F-11D3-BF4B-00C04F79EFBC}") = "DataGridSample.iOS", "DataGridSample\DataGridSample.iOS\DataGridSample.iOS.csproj", "{C9E9D46B-6D44-4E08-82FB-447CF998DC37}"
EndProject
Project("{FAE04EC0-301F-11D3-BF4B-00C04F79EFBC}") = "DataGridSample.UWP", "DataGridSample\DataGridSample.UWP\DataGridSample.UWP.csproj", "{9A0DE858-B8DC-49EB-9700-62BE0E3E6342}"
EndProject
Project("{FAE04EC0-301F-11D3-BF4B-00C04F79EFBC}") = "DataGridSample", "DataGridSample\DataGridSample\DataGridSample.csproj", "{7D3368F7-572E-4CF2-A701-7BE8E709B9FE}"
EndProject
Project("{FAE04EC0-301F-11D3-BF4B-00C04F79EFBC}") = "Xamarin.Forms.DataGrid", "Xamarin.Forms.DataGrid\Xamarin.Forms.DataGrid.csproj", "{67F9D3A8-F71E-4428-913F-C37AE82CDB24}"
EndProject
Global
	GlobalSection(SolutionConfigurationPlatforms) = preSolution
		Ad-Hoc|Any CPU = Ad-Hoc|Any CPU
		Ad-Hoc|ARM = Ad-Hoc|ARM
		Ad-Hoc|iPhone = Ad-Hoc|iPhone
		Ad-Hoc|iPhoneSimulator = Ad-Hoc|iPhoneSimulator
		Ad-Hoc|x64 = Ad-Hoc|x64
		Ad-Hoc|x86 = Ad-Hoc|x86
		AppStore|Any CPU = AppStore|Any CPU
		AppStore|ARM = AppStore|ARM
		AppStore|iPhone = AppStore|iPhone
		AppStore|iPhoneSimulator = AppStore|iPhoneSimulator
		AppStore|x64 = AppStore|x64
		AppStore|x86 = AppStore|x86
		Debug|Any CPU = Debug|Any CPU
		Debug|ARM = Debug|ARM
		Debug|iPhone = Debug|iPhone
		Debug|iPhoneSimulator = Debug|iPhoneSimulator
		Debug|x64 = Debug|x64
		Debug|x86 = Debug|x86
		Release|Any CPU = Release|Any CPU
		Release|ARM = Release|ARM
		Release|iPhone = Release|iPhone
		Release|iPhoneSimulator = Release|iPhoneSimulator
		Release|x64 = Release|x64
		Release|x86 = Release|x86
	EndGlobalSection
	GlobalSection(ProjectConfigurationPlatforms) = postSolution
		{2CB32ECF-C28D-48FA-9A3A-CB09B513261D}.Ad-Hoc|Any CPU.ActiveCfg = Release|Any CPU
		{2CB32ECF-C28D-48FA-9A3A-CB09B513261D}.Ad-Hoc|Any CPU.Build.0 = Release|Any CPU
		{2CB32ECF-C28D-48FA-9A3A-CB09B513261D}.Ad-Hoc|Any CPU.Deploy.0 = Release|Any CPU
		{2CB32ECF-C28D-48FA-9A3A-CB09B513261D}.Ad-Hoc|ARM.ActiveCfg = Release|Any CPU
		{2CB32ECF-C28D-48FA-9A3A-CB09B513261D}.Ad-Hoc|ARM.Build.0 = Release|Any CPU
		{2CB32ECF-C28D-48FA-9A3A-CB09B513261D}.Ad-Hoc|ARM.Deploy.0 = Release|Any CPU
		{2CB32ECF-C28D-48FA-9A3A-CB09B513261D}.Ad-Hoc|iPhone.ActiveCfg = Release|Any CPU
		{2CB32ECF-C28D-48FA-9A3A-CB09B513261D}.Ad-Hoc|iPhone.Build.0 = Release|Any CPU
		{2CB32ECF-C28D-48FA-9A3A-CB09B513261D}.Ad-Hoc|iPhone.Deploy.0 = Release|Any CPU
		{2CB32ECF-C28D-48FA-9A3A-CB09B513261D}.Ad-Hoc|iPhoneSimulator.ActiveCfg = Release|Any CPU
		{2CB32ECF-C28D-48FA-9A3A-CB09B513261D}.Ad-Hoc|iPhoneSimulator.Build.0 = Release|Any CPU
		{2CB32ECF-C28D-48FA-9A3A-CB09B513261D}.Ad-Hoc|iPhoneSimulator.Deploy.0 = Release|Any CPU
		{2CB32ECF-C28D-48FA-9A3A-CB09B513261D}.Ad-Hoc|x64.ActiveCfg = Release|Any CPU
		{2CB32ECF-C28D-48FA-9A3A-CB09B513261D}.Ad-Hoc|x64.Build.0 = Release|Any CPU
		{2CB32ECF-C28D-48FA-9A3A-CB09B513261D}.Ad-Hoc|x64.Deploy.0 = Release|Any CPU
		{2CB32ECF-C28D-48FA-9A3A-CB09B513261D}.Ad-Hoc|x86.ActiveCfg = Release|Any CPU
		{2CB32ECF-C28D-48FA-9A3A-CB09B513261D}.Ad-Hoc|x86.Build.0 = Release|Any CPU
		{2CB32ECF-C28D-48FA-9A3A-CB09B513261D}.Ad-Hoc|x86.Deploy.0 = Release|Any CPU
		{2CB32ECF-C28D-48FA-9A3A-CB09B513261D}.AppStore|Any CPU.ActiveCfg = Release|Any CPU
		{2CB32ECF-C28D-48FA-9A3A-CB09B513261D}.AppStore|Any CPU.Build.0 = Release|Any CPU
		{2CB32ECF-C28D-48FA-9A3A-CB09B513261D}.AppStore|Any CPU.Deploy.0 = Release|Any CPU
		{2CB32ECF-C28D-48FA-9A3A-CB09B513261D}.AppStore|ARM.ActiveCfg = Release|Any CPU
		{2CB32ECF-C28D-48FA-9A3A-CB09B513261D}.AppStore|ARM.Build.0 = Release|Any CPU
		{2CB32ECF-C28D-48FA-9A3A-CB09B513261D}.AppStore|ARM.Deploy.0 = Release|Any CPU
		{2CB32ECF-C28D-48FA-9A3A-CB09B513261D}.AppStore|iPhone.ActiveCfg = Release|Any CPU
		{2CB32ECF-C28D-48FA-9A3A-CB09B513261D}.AppStore|iPhone.Build.0 = Release|Any CPU
		{2CB32ECF-C28D-48FA-9A3A-CB09B513261D}.AppStore|iPhone.Deploy.0 = Release|Any CPU
		{2CB32ECF-C28D-48FA-9A3A-CB09B513261D}.AppStore|iPhoneSimulator.ActiveCfg = Release|Any CPU
		{2CB32ECF-C28D-48FA-9A3A-CB09B513261D}.AppStore|iPhoneSimulator.Build.0 = Release|Any CPU
		{2CB32ECF-C28D-48FA-9A3A-CB09B513261D}.AppStore|iPhoneSimulator.Deploy.0 = Release|Any CPU
		{2CB32ECF-C28D-48FA-9A3A-CB09B513261D}.AppStore|x64.ActiveCfg = Release|Any CPU
		{2CB32ECF-C28D-48FA-9A3A-CB09B513261D}.AppStore|x64.Build.0 = Release|Any CPU
		{2CB32ECF-C28D-48FA-9A3A-CB09B513261D}.AppStore|x64.Deploy.0 = Release|Any CPU
		{2CB32ECF-C28D-48FA-9A3A-CB09B513261D}.AppStore|x86.ActiveCfg = Release|Any CPU
		{2CB32ECF-C28D-48FA-9A3A-CB09B513261D}.AppStore|x86.Build.0 = Release|Any CPU
		{2CB32ECF-C28D-48FA-9A3A-CB09B513261D}.AppStore|x86.Deploy.0 = Release|Any CPU
		{2CB32ECF-C28D-48FA-9A3A-CB09B513261D}.Debug|Any CPU.ActiveCfg = Debug|Any CPU
		{2CB32ECF-C28D-48FA-9A3A-CB09B513261D}.Debug|Any CPU.Build.0 = Debug|Any CPU
		{2CB32ECF-C28D-48FA-9A3A-CB09B513261D}.Debug|Any CPU.Deploy.0 = Debug|Any CPU
		{2CB32ECF-C28D-48FA-9A3A-CB09B513261D}.Debug|ARM.ActiveCfg = Debug|Any CPU
		{2CB32ECF-C28D-48FA-9A3A-CB09B513261D}.Debug|ARM.Build.0 = Debug|Any CPU
		{2CB32ECF-C28D-48FA-9A3A-CB09B513261D}.Debug|ARM.Deploy.0 = Debug|Any CPU
		{2CB32ECF-C28D-48FA-9A3A-CB09B513261D}.Debug|iPhone.ActiveCfg = Debug|Any CPU
		{2CB32ECF-C28D-48FA-9A3A-CB09B513261D}.Debug|iPhone.Build.0 = Debug|Any CPU
		{2CB32ECF-C28D-48FA-9A3A-CB09B513261D}.Debug|iPhone.Deploy.0 = Debug|Any CPU
		{2CB32ECF-C28D-48FA-9A3A-CB09B513261D}.Debug|iPhoneSimulator.ActiveCfg = Debug|Any CPU
		{2CB32ECF-C28D-48FA-9A3A-CB09B513261D}.Debug|iPhoneSimulator.Build.0 = Debug|Any CPU
		{2CB32ECF-C28D-48FA-9A3A-CB09B513261D}.Debug|iPhoneSimulator.Deploy.0 = Debug|Any CPU
		{2CB32ECF-C28D-48FA-9A3A-CB09B513261D}.Debug|x64.ActiveCfg = Debug|Any CPU
		{2CB32ECF-C28D-48FA-9A3A-CB09B513261D}.Debug|x64.Build.0 = Debug|Any CPU
		{2CB32ECF-C28D-48FA-9A3A-CB09B513261D}.Debug|x64.Deploy.0 = Debug|Any CPU
		{2CB32ECF-C28D-48FA-9A3A-CB09B513261D}.Debug|x86.ActiveCfg = Debug|Any CPU
		{2CB32ECF-C28D-48FA-9A3A-CB09B513261D}.Debug|x86.Build.0 = Debug|Any CPU
		{2CB32ECF-C28D-48FA-9A3A-CB09B513261D}.Debug|x86.Deploy.0 = Debug|Any CPU
		{2CB32ECF-C28D-48FA-9A3A-CB09B513261D}.Release|Any CPU.ActiveCfg = Release|Any CPU
		{2CB32ECF-C28D-48FA-9A3A-CB09B513261D}.Release|Any CPU.Build.0 = Release|Any CPU
		{2CB32ECF-C28D-48FA-9A3A-CB09B513261D}.Release|Any CPU.Deploy.0 = Release|Any CPU
		{2CB32ECF-C28D-48FA-9A3A-CB09B513261D}.Release|ARM.ActiveCfg = Release|Any CPU
		{2CB32ECF-C28D-48FA-9A3A-CB09B513261D}.Release|ARM.Build.0 = Release|Any CPU
		{2CB32ECF-C28D-48FA-9A3A-CB09B513261D}.Release|ARM.Deploy.0 = Release|Any CPU
		{2CB32ECF-C28D-48FA-9A3A-CB09B513261D}.Release|iPhone.ActiveCfg = Release|Any CPU
		{2CB32ECF-C28D-48FA-9A3A-CB09B513261D}.Release|iPhone.Build.0 = Release|Any CPU
		{2CB32ECF-C28D-48FA-9A3A-CB09B513261D}.Release|iPhone.Deploy.0 = Release|Any CPU
		{2CB32ECF-C28D-48FA-9A3A-CB09B513261D}.Release|iPhoneSimulator.ActiveCfg = Release|Any CPU
		{2CB32ECF-C28D-48FA-9A3A-CB09B513261D}.Release|iPhoneSimulator.Build.0 = Release|Any CPU
		{2CB32ECF-C28D-48FA-9A3A-CB09B513261D}.Release|iPhoneSimulator.Deploy.0 = Release|Any CPU
		{2CB32ECF-C28D-48FA-9A3A-CB09B513261D}.Release|x64.ActiveCfg = Release|Any CPU
		{2CB32ECF-C28D-48FA-9A3A-CB09B513261D}.Release|x64.Build.0 = Release|Any CPU
		{2CB32ECF-C28D-48FA-9A3A-CB09B513261D}.Release|x64.Deploy.0 = Release|Any CPU
		{2CB32ECF-C28D-48FA-9A3A-CB09B513261D}.Release|x86.ActiveCfg = Release|Any CPU
		{2CB32ECF-C28D-48FA-9A3A-CB09B513261D}.Release|x86.Build.0 = Release|Any CPU
		{2CB32ECF-C28D-48FA-9A3A-CB09B513261D}.Release|x86.Deploy.0 = Release|Any CPU
		{C9E9D46B-6D44-4E08-82FB-447CF998DC37}.Ad-Hoc|Any CPU.ActiveCfg = Ad-Hoc|iPhone
		{C9E9D46B-6D44-4E08-82FB-447CF998DC37}.Ad-Hoc|ARM.ActiveCfg = Ad-Hoc|iPhone
		{C9E9D46B-6D44-4E08-82FB-447CF998DC37}.Ad-Hoc|iPhone.ActiveCfg = Ad-Hoc|iPhone
		{C9E9D46B-6D44-4E08-82FB-447CF998DC37}.Ad-Hoc|iPhone.Build.0 = Ad-Hoc|iPhone
		{C9E9D46B-6D44-4E08-82FB-447CF998DC37}.Ad-Hoc|iPhoneSimulator.ActiveCfg = Ad-Hoc|iPhoneSimulator
		{C9E9D46B-6D44-4E08-82FB-447CF998DC37}.Ad-Hoc|iPhoneSimulator.Build.0 = Ad-Hoc|iPhoneSimulator
		{C9E9D46B-6D44-4E08-82FB-447CF998DC37}.Ad-Hoc|x64.ActiveCfg = Ad-Hoc|iPhone
		{C9E9D46B-6D44-4E08-82FB-447CF998DC37}.Ad-Hoc|x86.ActiveCfg = Ad-Hoc|iPhone
		{C9E9D46B-6D44-4E08-82FB-447CF998DC37}.AppStore|Any CPU.ActiveCfg = AppStore|iPhone
		{C9E9D46B-6D44-4E08-82FB-447CF998DC37}.AppStore|ARM.ActiveCfg = AppStore|iPhone
		{C9E9D46B-6D44-4E08-82FB-447CF998DC37}.AppStore|iPhone.ActiveCfg = AppStore|iPhone
		{C9E9D46B-6D44-4E08-82FB-447CF998DC37}.AppStore|iPhone.Build.0 = AppStore|iPhone
		{C9E9D46B-6D44-4E08-82FB-447CF998DC37}.AppStore|iPhoneSimulator.ActiveCfg = AppStore|iPhoneSimulator
		{C9E9D46B-6D44-4E08-82FB-447CF998DC37}.AppStore|iPhoneSimulator.Build.0 = AppStore|iPhoneSimulator
		{C9E9D46B-6D44-4E08-82FB-447CF998DC37}.AppStore|x64.ActiveCfg = AppStore|iPhone
		{C9E9D46B-6D44-4E08-82FB-447CF998DC37}.AppStore|x86.ActiveCfg = AppStore|iPhone
		{C9E9D46B-6D44-4E08-82FB-447CF998DC37}.Debug|Any CPU.ActiveCfg = Debug|iPhone
		{C9E9D46B-6D44-4E08-82FB-447CF998DC37}.Debug|ARM.ActiveCfg = Debug|iPhone
		{C9E9D46B-6D44-4E08-82FB-447CF998DC37}.Debug|iPhone.ActiveCfg = Debug|iPhone
		{C9E9D46B-6D44-4E08-82FB-447CF998DC37}.Debug|iPhone.Build.0 = Debug|iPhone
		{C9E9D46B-6D44-4E08-82FB-447CF998DC37}.Debug|iPhoneSimulator.ActiveCfg = Debug|iPhoneSimulator
		{C9E9D46B-6D44-4E08-82FB-447CF998DC37}.Debug|iPhoneSimulator.Build.0 = Debug|iPhoneSimulator
		{C9E9D46B-6D44-4E08-82FB-447CF998DC37}.Debug|x64.ActiveCfg = Debug|iPhone
		{C9E9D46B-6D44-4E08-82FB-447CF998DC37}.Debug|x86.ActiveCfg = Debug|iPhone
		{C9E9D46B-6D44-4E08-82FB-447CF998DC37}.Release|Any CPU.ActiveCfg = Release|iPhone
		{C9E9D46B-6D44-4E08-82FB-447CF998DC37}.Release|ARM.ActiveCfg = Release|iPhone
		{C9E9D46B-6D44-4E08-82FB-447CF998DC37}.Release|iPhone.ActiveCfg = Release|iPhone
		{C9E9D46B-6D44-4E08-82FB-447CF998DC37}.Release|iPhone.Build.0 = Release|iPhone
		{C9E9D46B-6D44-4E08-82FB-447CF998DC37}.Release|iPhoneSimulator.ActiveCfg = Release|iPhoneSimulator
		{C9E9D46B-6D44-4E08-82FB-447CF998DC37}.Release|iPhoneSimulator.Build.0 = Release|iPhoneSimulator
		{C9E9D46B-6D44-4E08-82FB-447CF998DC37}.Release|x64.ActiveCfg = Release|iPhone
		{C9E9D46B-6D44-4E08-82FB-447CF998DC37}.Release|x86.ActiveCfg = Release|iPhone
		{9A0DE858-B8DC-49EB-9700-62BE0E3E6342}.Ad-Hoc|Any CPU.ActiveCfg = Release|x86
		{9A0DE858-B8DC-49EB-9700-62BE0E3E6342}.Ad-Hoc|Any CPU.Build.0 = Release|x86
		{9A0DE858-B8DC-49EB-9700-62BE0E3E6342}.Ad-Hoc|Any CPU.Deploy.0 = Release|x86
		{9A0DE858-B8DC-49EB-9700-62BE0E3E6342}.Ad-Hoc|ARM.ActiveCfg = Release|ARM
		{9A0DE858-B8DC-49EB-9700-62BE0E3E6342}.Ad-Hoc|ARM.Build.0 = Release|ARM
		{9A0DE858-B8DC-49EB-9700-62BE0E3E6342}.Ad-Hoc|ARM.Deploy.0 = Release|ARM
		{9A0DE858-B8DC-49EB-9700-62BE0E3E6342}.Ad-Hoc|iPhone.ActiveCfg = Release|x86
		{9A0DE858-B8DC-49EB-9700-62BE0E3E6342}.Ad-Hoc|iPhone.Build.0 = Release|x86
		{9A0DE858-B8DC-49EB-9700-62BE0E3E6342}.Ad-Hoc|iPhone.Deploy.0 = Release|x86
		{9A0DE858-B8DC-49EB-9700-62BE0E3E6342}.Ad-Hoc|iPhoneSimulator.ActiveCfg = Release|x86
		{9A0DE858-B8DC-49EB-9700-62BE0E3E6342}.Ad-Hoc|iPhoneSimulator.Build.0 = Release|x86
		{9A0DE858-B8DC-49EB-9700-62BE0E3E6342}.Ad-Hoc|iPhoneSimulator.Deploy.0 = Release|x86
		{9A0DE858-B8DC-49EB-9700-62BE0E3E6342}.Ad-Hoc|x64.ActiveCfg = Release|x64
		{9A0DE858-B8DC-49EB-9700-62BE0E3E6342}.Ad-Hoc|x64.Build.0 = Release|x64
		{9A0DE858-B8DC-49EB-9700-62BE0E3E6342}.Ad-Hoc|x64.Deploy.0 = Release|x64
		{9A0DE858-B8DC-49EB-9700-62BE0E3E6342}.Ad-Hoc|x86.ActiveCfg = Release|x86
		{9A0DE858-B8DC-49EB-9700-62BE0E3E6342}.Ad-Hoc|x86.Build.0 = Release|x86
		{9A0DE858-B8DC-49EB-9700-62BE0E3E6342}.Ad-Hoc|x86.Deploy.0 = Release|x86
		{9A0DE858-B8DC-49EB-9700-62BE0E3E6342}.AppStore|Any CPU.ActiveCfg = Release|x86
		{9A0DE858-B8DC-49EB-9700-62BE0E3E6342}.AppStore|Any CPU.Build.0 = Release|x86
		{9A0DE858-B8DC-49EB-9700-62BE0E3E6342}.AppStore|Any CPU.Deploy.0 = Release|x86
		{9A0DE858-B8DC-49EB-9700-62BE0E3E6342}.AppStore|ARM.ActiveCfg = Release|ARM
		{9A0DE858-B8DC-49EB-9700-62BE0E3E6342}.AppStore|ARM.Build.0 = Release|ARM
		{9A0DE858-B8DC-49EB-9700-62BE0E3E6342}.AppStore|ARM.Deploy.0 = Release|ARM
		{9A0DE858-B8DC-49EB-9700-62BE0E3E6342}.AppStore|iPhone.ActiveCfg = Release|x86
		{9A0DE858-B8DC-49EB-9700-62BE0E3E6342}.AppStore|iPhone.Build.0 = Release|x86
		{9A0DE858-B8DC-49EB-9700-62BE0E3E6342}.AppStore|iPhone.Deploy.0 = Release|x86
		{9A0DE858-B8DC-49EB-9700-62BE0E3E6342}.AppStore|iPhoneSimulator.ActiveCfg = Release|x86
		{9A0DE858-B8DC-49EB-9700-62BE0E3E6342}.AppStore|iPhoneSimulator.Build.0 = Release|x86
		{9A0DE858-B8DC-49EB-9700-62BE0E3E6342}.AppStore|iPhoneSimulator.Deploy.0 = Release|x86
		{9A0DE858-B8DC-49EB-9700-62BE0E3E6342}.AppStore|x64.ActiveCfg = Release|x64
		{9A0DE858-B8DC-49EB-9700-62BE0E3E6342}.AppStore|x64.Build.0 = Release|x64
		{9A0DE858-B8DC-49EB-9700-62BE0E3E6342}.AppStore|x64.Deploy.0 = Release|x64
		{9A0DE858-B8DC-49EB-9700-62BE0E3E6342}.AppStore|x86.ActiveCfg = Release|x86
		{9A0DE858-B8DC-49EB-9700-62BE0E3E6342}.AppStore|x86.Build.0 = Release|x86
		{9A0DE858-B8DC-49EB-9700-62BE0E3E6342}.AppStore|x86.Deploy.0 = Release|x86
		{9A0DE858-B8DC-49EB-9700-62BE0E3E6342}.Debug|Any CPU.ActiveCfg = Debug|x86
		{9A0DE858-B8DC-49EB-9700-62BE0E3E6342}.Debug|Any CPU.Build.0 = Debug|x86
		{9A0DE858-B8DC-49EB-9700-62BE0E3E6342}.Debug|Any CPU.Deploy.0 = Debug|x86
		{9A0DE858-B8DC-49EB-9700-62BE0E3E6342}.Debug|ARM.ActiveCfg = Debug|ARM
		{9A0DE858-B8DC-49EB-9700-62BE0E3E6342}.Debug|ARM.Build.0 = Debug|ARM
		{9A0DE858-B8DC-49EB-9700-62BE0E3E6342}.Debug|ARM.Deploy.0 = Debug|ARM
		{9A0DE858-B8DC-49EB-9700-62BE0E3E6342}.Debug|iPhone.ActiveCfg = Debug|x86
		{9A0DE858-B8DC-49EB-9700-62BE0E3E6342}.Debug|iPhoneSimulator.ActiveCfg = Debug|x86
		{9A0DE858-B8DC-49EB-9700-62BE0E3E6342}.Debug|x64.ActiveCfg = Debug|x64
		{9A0DE858-B8DC-49EB-9700-62BE0E3E6342}.Debug|x64.Build.0 = Debug|x64
		{9A0DE858-B8DC-49EB-9700-62BE0E3E6342}.Debug|x64.Deploy.0 = Debug|x64
		{9A0DE858-B8DC-49EB-9700-62BE0E3E6342}.Debug|x86.ActiveCfg = Debug|x86
		{9A0DE858-B8DC-49EB-9700-62BE0E3E6342}.Debug|x86.Build.0 = Debug|x86
		{9A0DE858-B8DC-49EB-9700-62BE0E3E6342}.Debug|x86.Deploy.0 = Debug|x86
		{9A0DE858-B8DC-49EB-9700-62BE0E3E6342}.Release|Any CPU.ActiveCfg = Release|x86
		{9A0DE858-B8DC-49EB-9700-62BE0E3E6342}.Release|Any CPU.Build.0 = Release|x86
		{9A0DE858-B8DC-49EB-9700-62BE0E3E6342}.Release|Any CPU.Deploy.0 = Release|x86
		{9A0DE858-B8DC-49EB-9700-62BE0E3E6342}.Release|ARM.ActiveCfg = Release|ARM
		{9A0DE858-B8DC-49EB-9700-62BE0E3E6342}.Release|ARM.Build.0 = Release|ARM
		{9A0DE858-B8DC-49EB-9700-62BE0E3E6342}.Release|ARM.Deploy.0 = Release|ARM
		{9A0DE858-B8DC-49EB-9700-62BE0E3E6342}.Release|iPhone.ActiveCfg = Release|x86
		{9A0DE858-B8DC-49EB-9700-62BE0E3E6342}.Release|iPhoneSimulator.ActiveCfg = Release|x86
		{9A0DE858-B8DC-49EB-9700-62BE0E3E6342}.Release|x64.ActiveCfg = Release|x64
		{9A0DE858-B8DC-49EB-9700-62BE0E3E6342}.Release|x64.Build.0 = Release|x64
		{9A0DE858-B8DC-49EB-9700-62BE0E3E6342}.Release|x64.Deploy.0 = Release|x64
		{9A0DE858-B8DC-49EB-9700-62BE0E3E6342}.Release|x86.ActiveCfg = Release|x86
		{9A0DE858-B8DC-49EB-9700-62BE0E3E6342}.Release|x86.Build.0 = Release|x86
		{9A0DE858-B8DC-49EB-9700-62BE0E3E6342}.Release|x86.Deploy.0 = Release|x86
		{7D3368F7-572E-4CF2-A701-7BE8E709B9FE}.Ad-Hoc|Any CPU.ActiveCfg = Release|Any CPU
		{7D3368F7-572E-4CF2-A701-7BE8E709B9FE}.Ad-Hoc|Any CPU.Build.0 = Release|Any CPU
		{7D3368F7-572E-4CF2-A701-7BE8E709B9FE}.Ad-Hoc|ARM.ActiveCfg = Release|Any CPU
		{7D3368F7-572E-4CF2-A701-7BE8E709B9FE}.Ad-Hoc|ARM.Build.0 = Release|Any CPU
		{7D3368F7-572E-4CF2-A701-7BE8E709B9FE}.Ad-Hoc|iPhone.ActiveCfg = Release|Any CPU
		{7D3368F7-572E-4CF2-A701-7BE8E709B9FE}.Ad-Hoc|iPhone.Build.0 = Release|Any CPU
		{7D3368F7-572E-4CF2-A701-7BE8E709B9FE}.Ad-Hoc|iPhoneSimulator.ActiveCfg = Release|Any CPU
		{7D3368F7-572E-4CF2-A701-7BE8E709B9FE}.Ad-Hoc|iPhoneSimulator.Build.0 = Release|Any CPU
		{7D3368F7-572E-4CF2-A701-7BE8E709B9FE}.Ad-Hoc|x64.ActiveCfg = Release|Any CPU
		{7D3368F7-572E-4CF2-A701-7BE8E709B9FE}.Ad-Hoc|x64.Build.0 = Release|Any CPU
		{7D3368F7-572E-4CF2-A701-7BE8E709B9FE}.Ad-Hoc|x86.ActiveCfg = Release|Any CPU
		{7D3368F7-572E-4CF2-A701-7BE8E709B9FE}.Ad-Hoc|x86.Build.0 = Release|Any CPU
		{7D3368F7-572E-4CF2-A701-7BE8E709B9FE}.AppStore|Any CPU.ActiveCfg = Release|Any CPU
		{7D3368F7-572E-4CF2-A701-7BE8E709B9FE}.AppStore|Any CPU.Build.0 = Release|Any CPU
		{7D3368F7-572E-4CF2-A701-7BE8E709B9FE}.AppStore|ARM.ActiveCfg = Release|Any CPU
		{7D3368F7-572E-4CF2-A701-7BE8E709B9FE}.AppStore|ARM.Build.0 = Release|Any CPU
		{7D3368F7-572E-4CF2-A701-7BE8E709B9FE}.AppStore|iPhone.ActiveCfg = Release|Any CPU
		{7D3368F7-572E-4CF2-A701-7BE8E709B9FE}.AppStore|iPhone.Build.0 = Release|Any CPU
		{7D3368F7-572E-4CF2-A701-7BE8E709B9FE}.AppStore|iPhoneSimulator.ActiveCfg = Release|Any CPU
		{7D3368F7-572E-4CF2-A701-7BE8E709B9FE}.AppStore|iPhoneSimulator.Build.0 = Release|Any CPU
		{7D3368F7-572E-4CF2-A701-7BE8E709B9FE}.AppStore|x64.ActiveCfg = Release|Any CPU
		{7D3368F7-572E-4CF2-A701-7BE8E709B9FE}.AppStore|x64.Build.0 = Release|Any CPU
		{7D3368F7-572E-4CF2-A701-7BE8E709B9FE}.AppStore|x86.ActiveCfg = Release|Any CPU
		{7D3368F7-572E-4CF2-A701-7BE8E709B9FE}.AppStore|x86.Build.0 = Release|Any CPU
		{7D3368F7-572E-4CF2-A701-7BE8E709B9FE}.Debug|Any CPU.ActiveCfg = Debug|Any CPU
		{7D3368F7-572E-4CF2-A701-7BE8E709B9FE}.Debug|Any CPU.Build.0 = Debug|Any CPU
		{7D3368F7-572E-4CF2-A701-7BE8E709B9FE}.Debug|ARM.ActiveCfg = Debug|Any CPU
		{7D3368F7-572E-4CF2-A701-7BE8E709B9FE}.Debug|ARM.Build.0 = Debug|Any CPU
		{7D3368F7-572E-4CF2-A701-7BE8E709B9FE}.Debug|iPhone.ActiveCfg = Debug|Any CPU
		{7D3368F7-572E-4CF2-A701-7BE8E709B9FE}.Debug|iPhone.Build.0 = Debug|Any CPU
		{7D3368F7-572E-4CF2-A701-7BE8E709B9FE}.Debug|iPhoneSimulator.ActiveCfg = Debug|Any CPU
		{7D3368F7-572E-4CF2-A701-7BE8E709B9FE}.Debug|iPhoneSimulator.Build.0 = Debug|Any CPU
		{7D3368F7-572E-4CF2-A701-7BE8E709B9FE}.Debug|x64.ActiveCfg = Debug|Any CPU
		{7D3368F7-572E-4CF2-A701-7BE8E709B9FE}.Debug|x64.Build.0 = Debug|Any CPU
		{7D3368F7-572E-4CF2-A701-7BE8E709B9FE}.Debug|x86.ActiveCfg = Debug|Any CPU
		{7D3368F7-572E-4CF2-A701-7BE8E709B9FE}.Debug|x86.Build.0 = Debug|Any CPU
		{7D3368F7-572E-4CF2-A701-7BE8E709B9FE}.Release|Any CPU.ActiveCfg = Release|Any CPU
		{7D3368F7-572E-4CF2-A701-7BE8E709B9FE}.Release|Any CPU.Build.0 = Release|Any CPU
		{7D3368F7-572E-4CF2-A701-7BE8E709B9FE}.Release|ARM.ActiveCfg = Release|Any CPU
		{7D3368F7-572E-4CF2-A701-7BE8E709B9FE}.Release|ARM.Build.0 = Release|Any CPU
		{7D3368F7-572E-4CF2-A701-7BE8E709B9FE}.Release|iPhone.ActiveCfg = Release|Any CPU
		{7D3368F7-572E-4CF2-A701-7BE8E709B9FE}.Release|iPhone.Build.0 = Release|Any CPU
		{7D3368F7-572E-4CF2-A701-7BE8E709B9FE}.Release|iPhoneSimulator.ActiveCfg = Release|Any CPU
		{7D3368F7-572E-4CF2-A701-7BE8E709B9FE}.Release|iPhoneSimulator.Build.0 = Release|Any CPU
		{7D3368F7-572E-4CF2-A701-7BE8E709B9FE}.Release|x64.ActiveCfg = Release|Any CPU
		{7D3368F7-572E-4CF2-A701-7BE8E709B9FE}.Release|x64.Build.0 = Release|Any CPU
		{7D3368F7-572E-4CF2-A701-7BE8E709B9FE}.Release|x86.ActiveCfg = Release|Any CPU
		{7D3368F7-572E-4CF2-A701-7BE8E709B9FE}.Release|x86.Build.0 = Release|Any CPU
		{67F9D3A8-F71E-4428-913F-C37AE82CDB24}.Ad-Hoc|Any CPU.ActiveCfg = Release|Any CPU
		{67F9D3A8-F71E-4428-913F-C37AE82CDB24}.Ad-Hoc|Any CPU.Build.0 = Release|Any CPU
		{67F9D3A8-F71E-4428-913F-C37AE82CDB24}.Ad-Hoc|ARM.ActiveCfg = Release|Any CPU
		{67F9D3A8-F71E-4428-913F-C37AE82CDB24}.Ad-Hoc|ARM.Build.0 = Release|Any CPU
		{67F9D3A8-F71E-4428-913F-C37AE82CDB24}.Ad-Hoc|iPhone.ActiveCfg = Release|Any CPU
		{67F9D3A8-F71E-4428-913F-C37AE82CDB24}.Ad-Hoc|iPhone.Build.0 = Release|Any CPU
		{67F9D3A8-F71E-4428-913F-C37AE82CDB24}.Ad-Hoc|iPhoneSimulator.ActiveCfg = Release|Any CPU
		{67F9D3A8-F71E-4428-913F-C37AE82CDB24}.Ad-Hoc|iPhoneSimulator.Build.0 = Release|Any CPU
		{67F9D3A8-F71E-4428-913F-C37AE82CDB24}.Ad-Hoc|x64.ActiveCfg = Release|Any CPU
		{67F9D3A8-F71E-4428-913F-C37AE82CDB24}.Ad-Hoc|x64.Build.0 = Release|Any CPU
		{67F9D3A8-F71E-4428-913F-C37AE82CDB24}.Ad-Hoc|x86.ActiveCfg = Release|Any CPU
		{67F9D3A8-F71E-4428-913F-C37AE82CDB24}.Ad-Hoc|x86.Build.0 = Release|Any CPU
		{67F9D3A8-F71E-4428-913F-C37AE82CDB24}.AppStore|Any CPU.ActiveCfg = Release|Any CPU
		{67F9D3A8-F71E-4428-913F-C37AE82CDB24}.AppStore|Any CPU.Build.0 = Release|Any CPU
		{67F9D3A8-F71E-4428-913F-C37AE82CDB24}.AppStore|ARM.ActiveCfg = Release|Any CPU
		{67F9D3A8-F71E-4428-913F-C37AE82CDB24}.AppStore|ARM.Build.0 = Release|Any CPU
		{67F9D3A8-F71E-4428-913F-C37AE82CDB24}.AppStore|iPhone.ActiveCfg = Release|Any CPU
		{67F9D3A8-F71E-4428-913F-C37AE82CDB24}.AppStore|iPhone.Build.0 = Release|Any CPU
		{67F9D3A8-F71E-4428-913F-C37AE82CDB24}.AppStore|iPhoneSimulator.ActiveCfg = Release|Any CPU
		{67F9D3A8-F71E-4428-913F-C37AE82CDB24}.AppStore|iPhoneSimulator.Build.0 = Release|Any CPU
		{67F9D3A8-F71E-4428-913F-C37AE82CDB24}.AppStore|x64.ActiveCfg = Release|Any CPU
		{67F9D3A8-F71E-4428-913F-C37AE82CDB24}.AppStore|x64.Build.0 = Release|Any CPU
		{67F9D3A8-F71E-4428-913F-C37AE82CDB24}.AppStore|x86.ActiveCfg = Release|Any CPU
		{67F9D3A8-F71E-4428-913F-C37AE82CDB24}.AppStore|x86.Build.0 = Release|Any CPU
		{67F9D3A8-F71E-4428-913F-C37AE82CDB24}.Debug|Any CPU.ActiveCfg = Debug|Any CPU
		{67F9D3A8-F71E-4428-913F-C37AE82CDB24}.Debug|Any CPU.Build.0 = Debug|Any CPU
		{67F9D3A8-F71E-4428-913F-C37AE82CDB24}.Debug|ARM.ActiveCfg = Debug|Any CPU
		{67F9D3A8-F71E-4428-913F-C37AE82CDB24}.Debug|ARM.Build.0 = Debug|Any CPU
		{67F9D3A8-F71E-4428-913F-C37AE82CDB24}.Debug|iPhone.ActiveCfg = Debug|Any CPU
		{67F9D3A8-F71E-4428-913F-C37AE82CDB24}.Debug|iPhone.Build.0 = Debug|Any CPU
		{67F9D3A8-F71E-4428-913F-C37AE82CDB24}.Debug|iPhoneSimulator.ActiveCfg = Debug|Any CPU
		{67F9D3A8-F71E-4428-913F-C37AE82CDB24}.Debug|iPhoneSimulator.Build.0 = Debug|Any CPU
		{67F9D3A8-F71E-4428-913F-C37AE82CDB24}.Debug|x64.ActiveCfg = Debug|Any CPU
		{67F9D3A8-F71E-4428-913F-C37AE82CDB24}.Debug|x64.Build.0 = Debug|Any CPU
		{67F9D3A8-F71E-4428-913F-C37AE82CDB24}.Debug|x86.ActiveCfg = Debug|Any CPU
		{67F9D3A8-F71E-4428-913F-C37AE82CDB24}.Debug|x86.Build.0 = Debug|Any CPU
		{67F9D3A8-F71E-4428-913F-C37AE82CDB24}.Release|Any CPU.ActiveCfg = Release|Any CPU
		{67F9D3A8-F71E-4428-913F-C37AE82CDB24}.Release|Any CPU.Build.0 = Release|Any CPU
		{67F9D3A8-F71E-4428-913F-C37AE82CDB24}.Release|ARM.ActiveCfg = Release|Any CPU
		{67F9D3A8-F71E-4428-913F-C37AE82CDB24}.Release|ARM.Build.0 = Release|Any CPU
		{67F9D3A8-F71E-4428-913F-C37AE82CDB24}.Release|iPhone.ActiveCfg = Release|Any CPU
		{67F9D3A8-F71E-4428-913F-C37AE82CDB24}.Release|iPhone.Build.0 = Release|Any CPU
		{67F9D3A8-F71E-4428-913F-C37AE82CDB24}.Release|iPhoneSimulator.ActiveCfg = Release|Any CPU
		{67F9D3A8-F71E-4428-913F-C37AE82CDB24}.Release|iPhoneSimulator.Build.0 = Release|Any CPU
		{67F9D3A8-F71E-4428-913F-C37AE82CDB24}.Release|x64.ActiveCfg = Release|Any CPU
		{67F9D3A8-F71E-4428-913F-C37AE82CDB24}.Release|x64.Build.0 = Release|Any CPU
		{67F9D3A8-F71E-4428-913F-C37AE82CDB24}.Release|x86.ActiveCfg = Release|Any CPU
		{67F9D3A8-F71E-4428-913F-C37AE82CDB24}.Release|x86.Build.0 = Release|Any CPU
	EndGlobalSection
	GlobalSection(SolutionProperties) = preSolution
		HideSolutionNode = FALSE
	EndGlobalSection
	GlobalSection(ExtensibilityGlobals) = postSolution
		SolutionGuid = {3C1FE81A-55D1-413C-A40B-399E083AE884}
	EndGlobalSection
EndGlobal
